
Microsoft Visual Studio Solution File, Format Version 12.00
# Visual Studio Version 17
VisualStudioVersion = 17.9.34714.143
MinimumVisualStudioVersion = 10.0.40219.1
Project("{9A19103F-16F7-4668-BE54-9A1E7A4F7556}") = "Simple.Finance", "Simple.Finance\Simple.Finance.csproj", "{C7527C96-F9DE-4555-ABEF-705C5086AD0D}"
EndProject
Project("{FAE04EC0-301F-11D3-BF4B-00C04F79EFBC}") = "Tests", "Tests\Tests.csproj", "{1F9F3FB8-1E4E-443D-9505-A6D770E1F05F}"
EndProject
Global
	GlobalSection(SolutionConfigurationPlatforms) = preSolution
		Debug|Any CPU = Debug|Any CPU
		Release|Any CPU = Release|Any CPU
	EndGlobalSection
	GlobalSection(ProjectConfigurationPlatforms) = postSolution
		{C7527C96-F9DE-4555-ABEF-705C5086AD0D}.Debug|Any CPU.ActiveCfg = Debug|Any CPU
		{C7527C96-F9DE-4555-ABEF-705C5086AD0D}.Debug|Any CPU.Build.0 = Debug|Any CPU
		{C7527C96-F9DE-4555-ABEF-705C5086AD0D}.Release|Any CPU.ActiveCfg = Release|Any CPU
		{C7527C96-F9DE-4555-ABEF-705C5086AD0D}.Release|Any CPU.Build.0 = Release|Any CPU
		{1F9F3FB8-1E4E-443D-9505-A6D770E1F05F}.Debug|Any CPU.ActiveCfg = Debug|Any CPU
		{1F9F3FB8-1E4E-443D-9505-A6D770E1F05F}.Debug|Any CPU.Build.0 = Debug|Any CPU
		{1F9F3FB8-1E4E-443D-9505-A6D770E1F05F}.Release|Any CPU.ActiveCfg = Release|Any CPU
		{1F9F3FB8-1E4E-443D-9505-A6D770E1F05F}.Release|Any CPU.Build.0 = Release|Any CPU
	EndGlobalSection
	GlobalSection(SolutionProperties) = preSolution
		HideSolutionNode = FALSE
	EndGlobalSection
	GlobalSection(ExtensibilityGlobals) = postSolution
		SolutionGuid = {A6C5B958-D065-408E-9E07-7EE2C3E6FAFC}
	EndGlobalSection
EndGlobal
